// !$*UTF8*$!
{
	archiveVersion = 1;
	classes = {
	};
	objectVersion = 46;
	objects = {

/* Begin PBXBuildFile section */
		C8066A771D784129008AFE6B /* AppDelegate.swift in Sources */ = {isa = PBXBuildFile; fileRef = C8066A761D784129008AFE6B /* AppDelegate.swift */; };
		C8066A791D784129008AFE6B /* ViewController.swift in Sources */ = {isa = PBXBuildFile; fileRef = C8066A781D784129008AFE6B /* ViewController.swift */; };
		C8066A7C1D784129008AFE6B /* Main.storyboard in Resources */ = {isa = PBXBuildFile; fileRef = C8066A7A1D784129008AFE6B /* Main.storyboard */; };
		C8066A7E1D784129008AFE6B /* Assets.xcassets in Resources */ = {isa = PBXBuildFile; fileRef = C8066A7D1D784129008AFE6B /* Assets.xcassets */; };
		C8066A811D784129008AFE6B /* LaunchScreen.storyboard in Resources */ = {isa = PBXBuildFile; fileRef = C8066A7F1D784129008AFE6B /* LaunchScreen.storyboard */; };
		C8066B811D784466008AFE6B /* Alamofire.framework in Frameworks */ = {isa = PBXBuildFile; fileRef = C8066B741D784360008AFE6B /* Alamofire.framework */; };
		C8066B821D784466008AFE6B /* Alamofire.framework in Embed Frameworks */ = {isa = PBXBuildFile; fileRef = C8066B741D784360008AFE6B /* Alamofire.framework */; settings = {ATTRIBUTES = (CodeSignOnCopy, RemoveHeadersOnCopy, ); }; };
		C8066B9D1D784897008AFE6B /* SwiftyJSON.framework in Frameworks */ = {isa = PBXBuildFile; fileRef = C8066B901D784881008AFE6B /* SwiftyJSON.framework */; };
		C8066B9E1D784897008AFE6B /* SwiftyJSON.framework in Embed Frameworks */ = {isa = PBXBuildFile; fileRef = C8066B901D784881008AFE6B /* SwiftyJSON.framework */; settings = {ATTRIBUTES = (CodeSignOnCopy, RemoveHeadersOnCopy, ); }; };
		C8066BAC1D78610E008AFE6B /* MarkupKit.framework in Embed Frameworks */ = {isa = PBXBuildFile; fileRef = C8066BA31D7860FE008AFE6B /* MarkupKit.framework */; settings = {ATTRIBUTES = (CodeSignOnCopy, RemoveHeadersOnCopy, ); }; };
		C8066BAE1D786144008AFE6B /* ViewController.xml in Resources */ = {isa = PBXBuildFile; fileRef = C8066BAD1D786144008AFE6B /* ViewController.xml */; };
/* End PBXBuildFile section */

/* Begin PBXContainerItemProxy section */
		C8066B731D784360008AFE6B /* PBXContainerItemProxy */ = {
			isa = PBXContainerItemProxy;
			containerPortal = C8066B681D784360008AFE6B /* Alamofire.xcodeproj */;
			proxyType = 2;
			remoteGlobalIDString = F8111E3319A95C8B0040E7D1;
			remoteInfo = "Alamofire iOS";
		};
		C8066B831D784466008AFE6B /* PBXContainerItemProxy */ = {
			isa = PBXContainerItemProxy;
			containerPortal = C8066B681D784360008AFE6B /* Alamofire.xcodeproj */;
			proxyType = 1;
			remoteGlobalIDString = F8111E3219A95C8B0040E7D1;
			remoteInfo = "Alamofire iOS";
		};
		C8066B8F1D784881008AFE6B /* PBXContainerItemProxy */ = {
			isa = PBXContainerItemProxy;
			containerPortal = C8066B851D784881008AFE6B /* SwiftyJSON.xcodeproj */;
			proxyType = 2;
			remoteGlobalIDString = 2E4FEFDB19575BE100351305;
			remoteInfo = "SwiftyJSON iOS";
		};
		C8066B911D784881008AFE6B /* PBXContainerItemProxy */ = {
			isa = PBXContainerItemProxy;
			containerPortal = C8066B851D784881008AFE6B /* SwiftyJSON.xcodeproj */;
			proxyType = 2;
			remoteGlobalIDString = 2E4FEFE619575BE100351305;
			remoteInfo = "SwiftyJSON iOS Tests";
		};
		C8066B931D784881008AFE6B /* PBXContainerItemProxy */ = {
			isa = PBXContainerItemProxy;
			containerPortal = C8066B851D784881008AFE6B /* SwiftyJSON.xcodeproj */;
			proxyType = 2;
			remoteGlobalIDString = 9C7DFC5B1A9102BD005AA3F7;
			remoteInfo = "SwiftyJSON OSX";
		};
		C8066B951D784881008AFE6B /* PBXContainerItemProxy */ = {
			isa = PBXContainerItemProxy;
			containerPortal = C8066B851D784881008AFE6B /* SwiftyJSON.xcodeproj */;
			proxyType = 2;
			remoteGlobalIDString = 9C7DFC651A9102BD005AA3F7;
			remoteInfo = "SwiftyJSON OSX Tests";
		};
		C8066B971D784881008AFE6B /* PBXContainerItemProxy */ = {
			isa = PBXContainerItemProxy;
			containerPortal = C8066B851D784881008AFE6B /* SwiftyJSON.xcodeproj */;
			proxyType = 2;
			remoteGlobalIDString = E4D7CCE81B9465A700EE7221;
			remoteInfo = "SwiftyJSON watchOS";
		};
		C8066B991D784881008AFE6B /* PBXContainerItemProxy */ = {
			isa = PBXContainerItemProxy;
			containerPortal = C8066B851D784881008AFE6B /* SwiftyJSON.xcodeproj */;
			proxyType = 2;
			remoteGlobalIDString = 7236B4F61BAC14150020529B;
			remoteInfo = "SwiftyJSON tvOS";
		};
		C8066B9B1D784881008AFE6B /* PBXContainerItemProxy */ = {
			isa = PBXContainerItemProxy;
			containerPortal = C8066B851D784881008AFE6B /* SwiftyJSON.xcodeproj */;
			proxyType = 2;
			remoteGlobalIDString = A8580F741BCF5C5B00DA927B;
			remoteInfo = "SwiftyJSON tvOS Tests";
		};
		C8066B9F1D784897008AFE6B /* PBXContainerItemProxy */ = {
			isa = PBXContainerItemProxy;
			containerPortal = C8066B851D784881008AFE6B /* SwiftyJSON.xcodeproj */;
			proxyType = 1;
			remoteGlobalIDString = 2E4FEFDA19575BE100351305;
			remoteInfo = "SwiftyJSON iOS";
		};
/* End PBXContainerItemProxy section */

/* Begin PBXCopyFilesBuildPhase section */
		C8066B5F1D7841ED008AFE6B /* Embed Frameworks */ = {
			isa = PBXCopyFilesBuildPhase;
			buildActionMask = 2147483647;
			dstPath = "";
			dstSubfolderSpec = 10;
			files = (
				C8066B9E1D784897008AFE6B /* SwiftyJSON.framework in Embed Frameworks */,
				C8066BAC1D78610E008AFE6B /* MarkupKit.framework in Embed Frameworks */,
				C8066B821D784466008AFE6B /* Alamofire.framework in Embed Frameworks */,
			);
			name = "Embed Frameworks";
			runOnlyForDeploymentPostprocessing = 0;
		};
/* End PBXCopyFilesBuildPhase section */

/* Begin PBXFileReference section */
		C8066A731D784128008AFE6B /* alamofirejson.app */ = {isa = PBXFileReference; explicitFileType = wrapper.application; includeInIndex = 0; path = alamofirejson.app; sourceTree = BUILT_PRODUCTS_DIR; };
		C8066A761D784129008AFE6B /* AppDelegate.swift */ = {isa = PBXFileReference; lastKnownFileType = sourcecode.swift; path = AppDelegate.swift; sourceTree = "<group>"; };
		C8066A781D784129008AFE6B /* ViewController.swift */ = {isa = PBXFileReference; lastKnownFileType = sourcecode.swift; path = ViewController.swift; sourceTree = "<group>"; };
		C8066A7B1D784129008AFE6B /* Base */ = {isa = PBXFileReference; lastKnownFileType = file.storyboard; name = Base; path = Base.lproj/Main.storyboard; sourceTree = "<group>"; };
		C8066A7D1D784129008AFE6B /* Assets.xcassets */ = {isa = PBXFileReference; lastKnownFileType = folder.assetcatalog; path = Assets.xcassets; sourceTree = "<group>"; };
		C8066A801D784129008AFE6B /* Base */ = {isa = PBXFileReference; lastKnownFileType = file.storyboard; name = Base; path = Base.lproj/LaunchScreen.storyboard; sourceTree = "<group>"; };
		C8066A821D784129008AFE6B /* Info.plist */ = {isa = PBXFileReference; lastKnownFileType = text.plist.xml; path = Info.plist; sourceTree = "<group>"; };
		C8066B681D784360008AFE6B /* Alamofire.xcodeproj */ = {isa = PBXFileReference; lastKnownFileType = "wrapper.pb-project"; name = Alamofire.xcodeproj; path = ../../../../Downloads/Alamofire/Alamofire.xcodeproj; sourceTree = "<group>"; };
		C8066B851D784881008AFE6B /* SwiftyJSON.xcodeproj */ = {isa = PBXFileReference; lastKnownFileType = "wrapper.pb-project"; name = SwiftyJSON.xcodeproj; path = "../../../../Downloads/SwiftyJSON-master/SwiftyJSON.xcodeproj"; sourceTree = "<group>"; };
		C8066BA31D7860FE008AFE6B /* MarkupKit.framework */ = {isa = PBXFileReference; lastKnownFileType = wrapper.framework; path = MarkupKit.framework; sourceTree = "<group>"; };
		C8066BAD1D786144008AFE6B /* ViewController.xml */ = {isa = PBXFileReference; fileEncoding = 4; lastKnownFileType = text.xml; path = ViewController.xml; sourceTree = "<group>"; };
/* End PBXFileReference section */

/* Begin PBXFrameworksBuildPhase section */
		C8066A701D784128008AFE6B /* Frameworks */ = {
			isa = PBXFrameworksBuildPhase;
			buildActionMask = 2147483647;
			files = (
				C8066B9D1D784897008AFE6B /* SwiftyJSON.framework in Frameworks */,
				C8066B811D784466008AFE6B /* Alamofire.framework in Frameworks */,
			);
			runOnlyForDeploymentPostprocessing = 0;
		};
/* End PBXFrameworksBuildPhase section */

/* Begin PBXGroup section */
		C8066A6A1D784128008AFE6B = {
			isa = PBXGroup;
			children = (
				C8066A751D784129008AFE6B /* alamofirejson */,
				C8066A741D784128008AFE6B /* Products */,
			);
			sourceTree = "<group>";
		};
		C8066A741D784128008AFE6B /* Products */ = {
			isa = PBXGroup;
			children = (
				C8066A731D784128008AFE6B /* alamofirejson.app */,
			);
			name = Products;
			sourceTree = "<group>";
		};
		C8066A751D784129008AFE6B /* alamofirejson */ = {
			isa = PBXGroup;
			children = (
				C8066BA31D7860FE008AFE6B /* MarkupKit.framework */,
				C8066B851D784881008AFE6B /* SwiftyJSON.xcodeproj */,
				C8066B681D784360008AFE6B /* Alamofire.xcodeproj */,
				C8066A761D784129008AFE6B /* AppDelegate.swift */,
				C8066A781D784129008AFE6B /* ViewController.swift */,
				C8066BAD1D786144008AFE6B /* ViewController.xml */,
				C8066A7A1D784129008AFE6B /* Main.storyboard */,
				C8066A7D1D784129008AFE6B /* Assets.xcassets */,
				C8066A7F1D784129008AFE6B /* LaunchScreen.storyboard */,
				C8066A821D784129008AFE6B /* Info.plist */,
			);
			path = alamofirejson;
			sourceTree = "<group>";
		};
		C8066B691D784360008AFE6B /* Products */ = {
			isa = PBXGroup;
			children = (
				C8066B741D784360008AFE6B /* Alamofire.framework */,
			);
			name = Products;
			sourceTree = "<group>";
		};
		C8066B861D784881008AFE6B /* Products */ = {
			isa = PBXGroup;
			children = (
				C8066B901D784881008AFE6B /* SwiftyJSON.framework */,
				C8066B921D784881008AFE6B /* SwiftyJSON iOS Tests.xctest */,
				C8066B941D784881008AFE6B /* SwiftyJSON.framework */,
				C8066B961D784881008AFE6B /* SwiftyJSON OSX Tests.xctest */,
				C8066B981D784881008AFE6B /* SwiftyJSON.framework */,
				C8066B9A1D784881008AFE6B /* SwiftyJSON.framework */,
				C8066B9C1D784881008AFE6B /* SwiftyJSON tvOS Tests.xctest */,
			);
			name = Products;
			sourceTree = "<group>";
		};
/* End PBXGroup section */

/* Begin PBXNativeTarget section */
		C8066A721D784128008AFE6B /* alamofirejson */ = {
			isa = PBXNativeTarget;
			buildConfigurationList = C8066A851D784129008AFE6B /* Build configuration list for PBXNativeTarget "alamofirejson" */;
			buildPhases = (
				C8066A6F1D784128008AFE6B /* Sources */,
				C8066A701D784128008AFE6B /* Frameworks */,
				C8066A711D784128008AFE6B /* Resources */,
				C8066B5F1D7841ED008AFE6B /* Embed Frameworks */,
			);
			buildRules = (
			);
			dependencies = (
				C8066B841D784466008AFE6B /* PBXTargetDependency */,
				C8066BA01D784897008AFE6B /* PBXTargetDependency */,
			);
			name = alamofirejson;
			productName = alamofirejson;
			productReference = C8066A731D784128008AFE6B /* alamofirejson.app */;
			productType = "com.apple.product-type.application";
		};
/* End PBXNativeTarget section */

/* Begin PBXProject section */
		C8066A6B1D784128008AFE6B /* Project object */ = {
			isa = PBXProject;
			attributes = {
				LastSwiftUpdateCheck = 0730;
				LastUpgradeCheck = 0730;
				ORGANIZATIONNAME = maisapride8;
				TargetAttributes = {
					C8066A721D784128008AFE6B = {
						CreatedOnToolsVersion = 7.3;
						DevelopmentTeam = G43DEAK3RT;
					};
				};
			};
			buildConfigurationList = C8066A6E1D784128008AFE6B /* Build configuration list for PBXProject "alamofirejson" */;
			compatibilityVersion = "Xcode 3.2";
			developmentRegion = English;
			hasScannedForEncodings = 0;
			knownRegions = (
				en,
				Base,
			);
			mainGroup = C8066A6A1D784128008AFE6B;
			productRefGroup = C8066A741D784128008AFE6B /* Products */;
			projectDirPath = "";
			projectReferences = (
				{
					ProductGroup = C8066B691D784360008AFE6B /* Products */;
					ProjectRef = C8066B681D784360008AFE6B /* Alamofire.xcodeproj */;
				},
				{
					ProductGroup = C8066B861D784881008AFE6B /* Products */;
					ProjectRef = C8066B851D784881008AFE6B /* SwiftyJSON.xcodeproj */;
				},
			);
			projectRoot = "";
			targets = (
				C8066A721D784128008AFE6B /* alamofirejson */,
			);
		};
/* End PBXProject section */

/* Begin PBXReferenceProxy section */
		C8066B741D784360008AFE6B /* Alamofire.framework */ = {
			isa = PBXReferenceProxy;
			fileType = wrapper.framework;
			path = Alamofire.framework;
			remoteRef = C8066B731D784360008AFE6B /* PBXContainerItemProxy */;
			sourceTree = BUILT_PRODUCTS_DIR;
		};
		C8066B901D784881008AFE6B /* SwiftyJSON.framework */ = {
			isa = PBXReferenceProxy;
			fileType = wrapper.framework;
			path = SwiftyJSON.framework;
			remoteRef = C8066B8F1D784881008AFE6B /* PBXContainerItemProxy */;
			sourceTree = BUILT_PRODUCTS_DIR;
		};
		C8066B921D784881008AFE6B /* SwiftyJSON iOS Tests.xctest */ = {
			isa = PBXReferenceProxy;
			fileType = wrapper.cfbundle;
			path = "SwiftyJSON iOS Tests.xctest";
			remoteRef = C8066B911D784881008AFE6B /* PBXContainerItemProxy */;
			sourceTree = BUILT_PRODUCTS_DIR;
		};
		C8066B941D784881008AFE6B /* SwiftyJSON.framework */ = {
			isa = PBXReferenceProxy;
			fileType = wrapper.framework;
			path = SwiftyJSON.framework;
			remoteRef = C8066B931D784881008AFE6B /* PBXContainerItemProxy */;
			sourceTree = BUILT_PRODUCTS_DIR;
		};
		C8066B961D784881008AFE6B /* SwiftyJSON OSX Tests.xctest */ = {
			isa = PBXReferenceProxy;
			fileType = wrapper.cfbundle;
			path = "SwiftyJSON OSX Tests.xctest";
			remoteRef = C8066B951D784881008AFE6B /* PBXContainerItemProxy */;
			sourceTree = BUILT_PRODUCTS_DIR;
		};
		C8066B981D784881008AFE6B /* SwiftyJSON.framework */ = {
			isa = PBXReferenceProxy;
			fileType = wrapper.framework;
			path = SwiftyJSON.framework;
			remoteRef = C8066B971D784881008AFE6B /* PBXContainerItemProxy */;
			sourceTree = BUILT_PRODUCTS_DIR;
		};
		C8066B9A1D784881008AFE6B /* SwiftyJSON.framework */ = {
			isa = PBXReferenceProxy;
			fileType = wrapper.framework;
			path = SwiftyJSON.framework;
			remoteRef = C8066B991D784881008AFE6B /* PBXContainerItemProxy */;
			sourceTree = BUILT_PRODUCTS_DIR;
		};
		C8066B9C1D784881008AFE6B /* SwiftyJSON tvOS Tests.xctest */ = {
			isa = PBXReferenceProxy;
			fileType = wrapper.cfbundle;
			path = "SwiftyJSON tvOS Tests.xctest";
			remoteRef = C8066B9B1D784881008AFE6B /* PBXContainerItemProxy */;
			sourceTree = BUILT_PRODUCTS_DIR;
		};
/* End PBXReferenceProxy section */

/* Begin PBXResourcesBuildPhase section */
		C8066A711D784128008AFE6B /* Resources */ = {
			isa = PBXResourcesBuildPhase;
			buildActionMask = 2147483647;
			files = (
				C8066BAE1D786144008AFE6B /* ViewController.xml in Resources */,
				C8066A811D784129008AFE6B /* LaunchScreen.storyboard in Resources */,
				C8066A7E1D784129008AFE6B /* Assets.xcassets in Resources */,
				C8066A7C1D784129008AFE6B /* Main.storyboard in Resources */,
			);
			runOnlyForDeploymentPostprocessing = 0;
		};
/* End PBXResourcesBuildPhase section */

/* Begin PBXSourcesBuildPhase section */
		C8066A6F1D784128008AFE6B /* Sources */ = {
			isa = PBXSourcesBuildPhase;
			buildActionMask = 2147483647;
			files = (
				C8066A791D784129008AFE6B /* ViewController.swift in Sources */,
				C8066A771D784129008AFE6B /* AppDelegate.swift in Sources */,
			);
			runOnlyForDeploymentPostprocessing = 0;
		};
/* End PBXSourcesBuildPhase section */

/* Begin PBXTargetDependency section */
		C8066B841D784466008AFE6B /* PBXTargetDependency */ = {
			isa = PBXTargetDependency;
			name = "Alamofire iOS";
			targetProxy = C8066B831D784466008AFE6B /* PBXContainerItemProxy */;
		};
		C8066BA01D784897008AFE6B /* PBXTargetDependency */ = {
			isa = PBXTargetDependency;
			name = "SwiftyJSON iOS";
			targetProxy = C8066B9F1D784897008AFE6B /* PBXContainerItemProxy */;
		};
/* End PBXTargetDependency section */

/* Begin PBXVariantGroup section */
		C8066A7A1D784129008AFE6B /* Main.storyboard */ = {
			isa = PBXVariantGroup;
			children = (
				C8066A7B1D784129008AFE6B /* Base */,
			);
			name = Main.storyboard;
			sourceTree = "<group>";
		};
		C8066A7F1D784129008AFE6B /* LaunchScreen.storyboard */ = {
			isa = PBXVariantGroup;
			children = (
				C8066A801D784129008AFE6B /* Base */,
			);
			name = LaunchScreen.storyboard;
			sourceTree = "<group>";
		};
/* End PBXVariantGroup section */

/* Begin XCBuildConfiguration section */
		C8066A831D784129008AFE6B /* Debug */ = {
			isa = XCBuildConfiguration;
			buildSettings = {
				ALWAYS_SEARCH_USER_PATHS = NO;
				CLANG_ANALYZER_NONNULL = YES;
				CLANG_CXX_LANGUAGE_STANDARD = "gnu++0x";
				CLANG_CXX_LIBRARY = "libc++";
				CLANG_ENABLE_MODULES = YES;
				CLANG_ENABLE_OBJC_ARC = YES;
				CLANG_WARN_BOOL_CONVERSION = YES;
				CLANG_WARN_CONSTANT_CONVERSION = YES;
				CLANG_WARN_DIRECT_OBJC_ISA_USAGE = YES_ERROR;
				CLANG_WARN_EMPTY_BODY = YES;
				CLANG_WARN_ENUM_CONVERSION = YES;
				CLANG_WARN_INT_CONVERSION = YES;
				CLANG_WARN_OBJC_ROOT_CLASS = YES_ERROR;
				CLANG_WARN_UNREACHABLE_CODE = YES;
				CLANG_WARN__DUPLICATE_METHOD_MATCH = YES;
				"CODE_SIGN_IDENTITY[sdk=iphoneos*]" = "iPhone Developer";
				COPY_PHASE_STRIP = NO;
				DEBUG_INFORMATION_FORMAT = dwarf;
				ENABLE_STRICT_OBJC_MSGSEND = YES;
				ENABLE_TESTABILITY = YES;
				GCC_C_LANGUAGE_STANDARD = gnu99;
				GCC_DYNAMIC_NO_PIC = NO;
				GCC_NO_COMMON_BLOCKS = YES;
				GCC_OPTIMIZATION_LEVEL = 0;
				GCC_PREPROCESSOR_DEFINITIONS = (
					"DEBUG=1",
					"$(inherited)",
				);
				GCC_WARN_64_TO_32_BIT_CONVERSION = YES;
				GCC_WARN_ABOUT_RETURN_TYPE = YES_ERROR;
				GCC_WARN_UNDECLARED_SELECTOR = YES;
				GCC_WARN_UNINITIALIZED_AUTOS = YES_AGGRESSIVE;
				GCC_WARN_UNUSED_FUNCTION = YES;
				GCC_WARN_UNUSED_VARIABLE = YES;
				IPHONEOS_DEPLOYMENT_TARGET = 9.3;
				MTL_ENABLE_DEBUG_INFO = YES;
				ONLY_ACTIVE_ARCH = YES;
				SDKROOT = iphoneos;
				SWIFT_OPTIMIZATION_LEVEL = "-Onone";
				TARGETED_DEVICE_FAMILY = "1,2";
			};
			name = Debug;
		};
		C8066A841D784129008AFE6B /* Release */ = {
			isa = XCBuildConfiguration;
			buildSettings = {
				ALWAYS_SEARCH_USER_PATHS = NO;
				CLANG_ANALYZER_NONNULL = YES;
				CLANG_CXX_LANGUAGE_STANDARD = "gnu++0x";
				CLANG_CXX_LIBRARY = "libc++";
				CLANG_ENABLE_MODULES = YES;
				CLANG_ENABLE_OBJC_ARC = YES;
				CLANG_WARN_BOOL_CONVERSION = YES;
				CLANG_WARN_CONSTANT_CONVERSION = YES;
				CLANG_WARN_DIRECT_OBJC_ISA_USAGE = YES_ERROR;
				CLANG_WARN_EMPTY_BODY = YES;
				CLANG_WARN_ENUM_CONVERSION = YES;
				CLANG_WARN_INT_CONVERSION = YES;
				CLANG_WARN_OBJC_ROOT_CLASS = YES_ERROR;
				CLANG_WARN_UNREACHABLE_CODE = YES;
				CLANG_WARN__DUPLICATE_METHOD_MATCH = YES;
				"CODE_SIGN_IDENTITY[sdk=iphoneos*]" = "iPhone Developer";
				COPY_PHASE_STRIP = NO;
				DEBUG_INFORMATION_FORMAT = "dwarf-with-dsym";
				ENABLE_NS_ASSERTIONS = NO;
				ENABLE_STRICT_OBJC_MSGSEND = YES;
				GCC_C_LANGUAGE_STANDARD = gnu99;
				GCC_NO_COMMON_BLOCKS = YES;
				GCC_WARN_64_TO_32_BIT_CONVERSION = YES;
				GCC_WARN_ABOUT_RETURN_TYPE = YES_ERROR;
				GCC_WARN_UNDECLARED_SELECTOR = YES;
				GCC_WARN_UNINITIALIZED_AUTOS = YES_AGGRESSIVE;
				GCC_WARN_UNUSED_FUNCTION = YES;
				GCC_WARN_UNUSED_VARIABLE = YES;
				IPHONEOS_DEPLOYMENT_TARGET = 9.3;
				MTL_ENABLE_DEBUG_INFO = NO;
				SDKROOT = iphoneos;
				TARGETED_DEVICE_FAMILY = "1,2";
				VALIDATE_PRODUCT = YES;
			};
			name = Release;
		};
		C8066A861D784129008AFE6B /* Debug */ = {
			isa = XCBuildConfiguration;
			buildSettings = {
				ASSETCATALOG_COMPILER_APPICON_NAME = AppIcon;
				EMBEDDED_CONTENT_CONTAINS_SWIFT = YES;
				FRAMEWORK_SEARCH_PATHS = (
					"$(inherited)",
					"$(PROJECT_DIR)/alamofirejson",
				);
				INFOPLIST_FILE = alamofirejson/Info.plist;
				LD_RUNPATH_SEARCH_PATHS = "$(inherited) @executable_path/Frameworks";
				PRODUCT_BUNDLE_IDENTIFIER = com.maisa.alamofirejson;
				PRODUCT_NAME = "$(TARGET_NAME)";
			};
			name = Debug;
		};
		C8066A871D784129008AFE6B /* Release */ = {
			isa = XCBuildConfiguration;
			buildSettings = {
				ASSETCATALOG_COMPILER_APPICON_NAME = AppIcon;
				EMBEDDED_CONTENT_CONTAINS_SWIFT = YES;
				FRAMEWORK_SEARCH_PATHS = (
					"$(inherited)",
					"$(PROJECT_DIR)/alamofirejson",
				);
				INFOPLIST_FILE = alamofirejson/Info.plist;
				LD_RUNPATH_SEARCH_PATHS = "$(inherited) @executable_path/Frameworks";
				PRODUCT_BUNDLE_IDENTIFIER = com.maisa.alamofirejson;
				PRODUCT_NAME = "$(TARGET_NAME)";
			};
			name = Release;
		};
/* End XCBuildConfiguration section */

/* Begin XCConfigurationList section */
		C8066A6E1D784128008AFE6B /* Build configuration list for PBXProject "alamofirejson" */ = {
			isa = XCConfigurationList;
			buildConfigurations = (
				C8066A831D784129008AFE6B /* Debug */,
				C8066A841D784129008AFE6B /* Release */,
			);
			defaultConfigurationIsVisible = 0;
			defaultConfigurationName = Release;
		};
		C8066A851D784129008AFE6B /* Build configuration list for PBXNativeTarget "alamofirejson" */ = {
			isa = XCConfigurationList;
			buildConfigurations = (
				C8066A861D784129008AFE6B /* Debug */,
				C8066A871D784129008AFE6B /* Release */,
			);
			defaultConfigurationIsVisible = 0;
			defaultConfigurationName = Release;
		};
/* End XCConfigurationList section */
	};
	rootObject = C8066A6B1D784128008AFE6B /* Project object */;
}
